
Microsoft Visual Studio Solution File, Format Version 12.00
# Visual Studio Version 16
VisualStudioVersion = 16.0.29123.89
MinimumVisualStudioVersion = 10.0.40219.1
Project("{FAE04EC0-301F-11D3-BF4B-00C04F79EFBC}") = "AdoGenerico", "AdoGenerico\AdoGenerico.csproj", "{67181758-9A53-46B8-B872-00E9456F7E51}"
EndProject
Project("{2150E333-8FDC-42A3-9474-1A3956D46DE8}") = "DADOS", "DADOS", "{512D8490-C3F6-451D-AAE8-61DA9FAB4901}"
EndProject
Project("{FAE04EC0-301F-11D3-BF4B-00C04F79EFBC}") = "AcessoDados", "AcessoDados\AcessoDados.csproj", "{349DCED8-BC94-4F5C-87BF-134DAA66653F}"
EndProject
Global
	GlobalSection(SolutionConfigurationPlatforms) = preSolution
		Debug|Any CPU = Debug|Any CPU
		Release|Any CPU = Release|Any CPU
	EndGlobalSection
	GlobalSection(ProjectConfigurationPlatforms) = postSolution
		{67181758-9A53-46B8-B872-00E9456F7E51}.Debug|Any CPU.ActiveCfg = Debug|Any CPU
		{67181758-9A53-46B8-B872-00E9456F7E51}.Debug|Any CPU.Build.0 = Debug|Any CPU
		{67181758-9A53-46B8-B872-00E9456F7E51}.Release|Any CPU.ActiveCfg = Release|Any CPU
		{67181758-9A53-46B8-B872-00E9456F7E51}.Release|Any CPU.Build.0 = Release|Any CPU
		{349DCED8-BC94-4F5C-87BF-134DAA66653F}.Debug|Any CPU.ActiveCfg = Debug|Any CPU
		{349DCED8-BC94-4F5C-87BF-134DAA66653F}.Debug|Any CPU.Build.0 = Debug|Any CPU
		{349DCED8-BC94-4F5C-87BF-134DAA66653F}.Release|Any CPU.ActiveCfg = Release|Any CPU
		{349DCED8-BC94-4F5C-87BF-134DAA66653F}.Release|Any CPU.Build.0 = Release|Any CPU
	EndGlobalSection
	GlobalSection(SolutionProperties) = preSolution
		HideSolutionNode = FALSE
	EndGlobalSection
	GlobalSection(NestedProjects) = preSolution
		{349DCED8-BC94-4F5C-87BF-134DAA66653F} = {512D8490-C3F6-451D-AAE8-61DA9FAB4901}
	EndGlobalSection
	GlobalSection(ExtensibilityGlobals) = postSolution
		SolutionGuid = {FDEF4B1A-9D53-423C-ABC4-1AE9F057D342}
	EndGlobalSection
EndGlobal
